// !$*UTF8*$!
{
	archiveVersion = 1;
	classes = {
	};
	objectVersion = 46;
	objects = {

/* Begin PBXBuildFile section */
		6C9F0C7A1CBE6E7A00076D78 /* AppDelegate.swift in Sources */ = {isa = PBXBuildFile; fileRef = 6C9F0C791CBE6E7A00076D78 /* AppDelegate.swift */; };
		6C9F0C7C1CBE6E7A00076D78 /* ViewController.swift in Sources */ = {isa = PBXBuildFile; fileRef = 6C9F0C7B1CBE6E7A00076D78 /* ViewController.swift */; };
		6C9F0C7F1CBE6E7A00076D78 /* Main.storyboard in Resources */ = {isa = PBXBuildFile; fileRef = 6C9F0C7D1CBE6E7A00076D78 /* Main.storyboard */; };
		6C9F0C821CBE6E7A00076D78 /* BLEBackground.xcdatamodeld in Sources */ = {isa = PBXBuildFile; fileRef = 6C9F0C801CBE6E7A00076D78 /* BLEBackground.xcdatamodeld */; };
		6C9F0C841CBE6E7A00076D78 /* Assets.xcassets in Resources */ = {isa = PBXBuildFile; fileRef = 6C9F0C831CBE6E7A00076D78 /* Assets.xcassets */; };
		6C9F0C871CBE6E7A00076D78 /* LaunchScreen.storyboard in Resources */ = {isa = PBXBuildFile; fileRef = 6C9F0C851CBE6E7A00076D78 /* LaunchScreen.storyboard */; };
		6C9F0C921CBE6E7A00076D78 /* BLEBackgroundTests.swift in Sources */ = {isa = PBXBuildFile; fileRef = 6C9F0C911CBE6E7A00076D78 /* BLEBackgroundTests.swift */; };
		6C9F0C9D1CBE6E7A00076D78 /* BLEBackgroundUITests.swift in Sources */ = {isa = PBXBuildFile; fileRef = 6C9F0C9C1CBE6E7A00076D78 /* BLEBackgroundUITests.swift */; };
		6CEC2D4E1CBE77270019C977 /* BluetoothManager.swift in Sources */ = {isa = PBXBuildFile; fileRef = 6CEC2D4D1CBE77270019C977 /* BluetoothManager.swift */; };
/* End PBXBuildFile section */

/* Begin PBXContainerItemProxy section */
		6C9F0C8E1CBE6E7A00076D78 /* PBXContainerItemProxy */ = {
			isa = PBXContainerItemProxy;
			containerPortal = 6C9F0C6E1CBE6E7A00076D78 /* Project object */;
			proxyType = 1;
			remoteGlobalIDString = 6C9F0C751CBE6E7A00076D78;
			remoteInfo = BLEBackground;
		};
		6C9F0C991CBE6E7A00076D78 /* PBXContainerItemProxy */ = {
			isa = PBXContainerItemProxy;
			containerPortal = 6C9F0C6E1CBE6E7A00076D78 /* Project object */;
			proxyType = 1;
			remoteGlobalIDString = 6C9F0C751CBE6E7A00076D78;
			remoteInfo = BLEBackground;
		};
/* End PBXContainerItemProxy section */

/* Begin PBXFileReference section */
		6C9F0C761CBE6E7A00076D78 /* BLEBackground.app */ = {isa = PBXFileReference; explicitFileType = wrapper.application; includeInIndex = 0; path = BLEBackground.app; sourceTree = BUILT_PRODUCTS_DIR; };
		6C9F0C791CBE6E7A00076D78 /* AppDelegate.swift */ = {isa = PBXFileReference; lastKnownFileType = sourcecode.swift; path = AppDelegate.swift; sourceTree = "<group>"; };
		6C9F0C7B1CBE6E7A00076D78 /* ViewController.swift */ = {isa = PBXFileReference; lastKnownFileType = sourcecode.swift; path = ViewController.swift; sourceTree = "<group>"; };
		6C9F0C7E1CBE6E7A00076D78 /* Base */ = {isa = PBXFileReference; lastKnownFileType = file.storyboard; name = Base; path = Base.lproj/Main.storyboard; sourceTree = "<group>"; };
		6C9F0C811CBE6E7A00076D78 /* BLEBackground.xcdatamodel */ = {isa = PBXFileReference; lastKnownFileType = wrapper.xcdatamodel; path = BLEBackground.xcdatamodel; sourceTree = "<group>"; };
		6C9F0C831CBE6E7A00076D78 /* Assets.xcassets */ = {isa = PBXFileReference; lastKnownFileType = folder.assetcatalog; path = Assets.xcassets; sourceTree = "<group>"; };
		6C9F0C861CBE6E7A00076D78 /* Base */ = {isa = PBXFileReference; lastKnownFileType = file.storyboard; name = Base; path = Base.lproj/LaunchScreen.storyboard; sourceTree = "<group>"; };
		6C9F0C881CBE6E7A00076D78 /* Info.plist */ = {isa = PBXFileReference; lastKnownFileType = text.plist.xml; path = Info.plist; sourceTree = "<group>"; };
		6C9F0C8D1CBE6E7A00076D78 /* BLEBackgroundTests.xctest */ = {isa = PBXFileReference; explicitFileType = wrapper.cfbundle; includeInIndex = 0; path = BLEBackgroundTests.xctest; sourceTree = BUILT_PRODUCTS_DIR; };
		6C9F0C911CBE6E7A00076D78 /* BLEBackgroundTests.swift */ = {isa = PBXFileReference; lastKnownFileType = sourcecode.swift; path = BLEBackgroundTests.swift; sourceTree = "<group>"; };
		6C9F0C931CBE6E7A00076D78 /* Info.plist */ = {isa = PBXFileReference; lastKnownFileType = text.plist.xml; path = Info.plist; sourceTree = "<group>"; };
		6C9F0C981CBE6E7A00076D78 /* BLEBackgroundUITests.xctest */ = {isa = PBXFileReference; explicitFileType = wrapper.cfbundle; includeInIndex = 0; path = BLEBackgroundUITests.xctest; sourceTree = BUILT_PRODUCTS_DIR; };
		6C9F0C9C1CBE6E7A00076D78 /* BLEBackgroundUITests.swift */ = {isa = PBXFileReference; lastKnownFileType = sourcecode.swift; path = BLEBackgroundUITests.swift; sourceTree = "<group>"; };
		6C9F0C9E1CBE6E7A00076D78 /* Info.plist */ = {isa = PBXFileReference; lastKnownFileType = text.plist.xml; path = Info.plist; sourceTree = "<group>"; };
		6CEC2D4D1CBE77270019C977 /* BluetoothManager.swift */ = {isa = PBXFileReference; fileEncoding = 4; lastKnownFileType = sourcecode.swift; path = BluetoothManager.swift; sourceTree = "<group>"; };
/* End PBXFileReference section */

/* Begin PBXFrameworksBuildPhase section */
		6C9F0C731CBE6E7A00076D78 /* Frameworks */ = {
			isa = PBXFrameworksBuildPhase;
			buildActionMask = 2147483647;
			files = (
			);
			runOnlyForDeploymentPostprocessing = 0;
		};
		6C9F0C8A1CBE6E7A00076D78 /* Frameworks */ = {
			isa = PBXFrameworksBuildPhase;
			buildActionMask = 2147483647;
			files = (
			);
			runOnlyForDeploymentPostprocessing = 0;
		};
		6C9F0C951CBE6E7A00076D78 /* Frameworks */ = {
			isa = PBXFrameworksBuildPhase;
			buildActionMask = 2147483647;
			files = (
			);
			runOnlyForDeploymentPostprocessing = 0;
		};
/* End PBXFrameworksBuildPhase section */

/* Begin PBXGroup section */
		6C9F0C6D1CBE6E7A00076D78 = {
			isa = PBXGroup;
			children = (
				6C9F0C781CBE6E7A00076D78 /* BLEBackground */,
				6C9F0C901CBE6E7A00076D78 /* BLEBackgroundTests */,
				6C9F0C9B1CBE6E7A00076D78 /* BLEBackgroundUITests */,
				6C9F0C771CBE6E7A00076D78 /* Products */,
			);
			sourceTree = "<group>";
		};
		6C9F0C771CBE6E7A00076D78 /* Products */ = {
			isa = PBXGroup;
			children = (
				6C9F0C761CBE6E7A00076D78 /* BLEBackground.app */,
				6C9F0C8D1CBE6E7A00076D78 /* BLEBackgroundTests.xctest */,
				6C9F0C981CBE6E7A00076D78 /* BLEBackgroundUITests.xctest */,
			);
			name = Products;
			sourceTree = "<group>";
		};
		6C9F0C781CBE6E7A00076D78 /* BLEBackground */ = {
			isa = PBXGroup;
			children = (
				6C9F0C791CBE6E7A00076D78 /* AppDelegate.swift */,
				6C9F0C7B1CBE6E7A00076D78 /* ViewController.swift */,
				6CEC2D4D1CBE77270019C977 /* BluetoothManager.swift */,
				6C9F0C7D1CBE6E7A00076D78 /* Main.storyboard */,
				6C9F0C831CBE6E7A00076D78 /* Assets.xcassets */,
				6C9F0C851CBE6E7A00076D78 /* LaunchScreen.storyboard */,
				6C9F0C881CBE6E7A00076D78 /* Info.plist */,
				6C9F0C801CBE6E7A00076D78 /* BLEBackground.xcdatamodeld */,
			);
			path = BLEBackground;
			sourceTree = "<group>";
		};
		6C9F0C901CBE6E7A00076D78 /* BLEBackgroundTests */ = {
			isa = PBXGroup;
			children = (
				6C9F0C911CBE6E7A00076D78 /* BLEBackgroundTests.swift */,
				6C9F0C931CBE6E7A00076D78 /* Info.plist */,
			);
			path = BLEBackgroundTests;
			sourceTree = "<group>";
		};
		6C9F0C9B1CBE6E7A00076D78 /* BLEBackgroundUITests */ = {
			isa = PBXGroup;
			children = (
				6C9F0C9C1CBE6E7A00076D78 /* BLEBackgroundUITests.swift */,
				6C9F0C9E1CBE6E7A00076D78 /* Info.plist */,
			);
			path = BLEBackgroundUITests;
			sourceTree = "<group>";
		};
/* End PBXGroup section */

/* Begin PBXNativeTarget section */
		6C9F0C751CBE6E7A00076D78 /* BLEBackground */ = {
			isa = PBXNativeTarget;
			buildConfigurationList = 6C9F0CA11CBE6E7A00076D78 /* Build configuration list for PBXNativeTarget "BLEBackground" */;
			buildPhases = (
				6C9F0C721CBE6E7A00076D78 /* Sources */,
				6C9F0C731CBE6E7A00076D78 /* Frameworks */,
				6C9F0C741CBE6E7A00076D78 /* Resources */,
			);
			buildRules = (
			);
			dependencies = (
			);
			name = BLEBackground;
			productName = BLEBackground;
			productReference = 6C9F0C761CBE6E7A00076D78 /* BLEBackground.app */;
			productType = "com.apple.product-type.application";
		};
		6C9F0C8C1CBE6E7A00076D78 /* BLEBackgroundTests */ = {
			isa = PBXNativeTarget;
			buildConfigurationList = 6C9F0CA41CBE6E7A00076D78 /* Build configuration list for PBXNativeTarget "BLEBackgroundTests" */;
			buildPhases = (
				6C9F0C891CBE6E7A00076D78 /* Sources */,
				6C9F0C8A1CBE6E7A00076D78 /* Frameworks */,
				6C9F0C8B1CBE6E7A00076D78 /* Resources */,
			);
			buildRules = (
			);
			dependencies = (
				6C9F0C8F1CBE6E7A00076D78 /* PBXTargetDependency */,
			);
			name = BLEBackgroundTests;
			productName = BLEBackgroundTests;
			productReference = 6C9F0C8D1CBE6E7A00076D78 /* BLEBackgroundTests.xctest */;
			productType = "com.apple.product-type.bundle.unit-test";
		};
		6C9F0C971CBE6E7A00076D78 /* BLEBackgroundUITests */ = {
			isa = PBXNativeTarget;
			buildConfigurationList = 6C9F0CA71CBE6E7A00076D78 /* Build configuration list for PBXNativeTarget "BLEBackgroundUITests" */;
			buildPhases = (
				6C9F0C941CBE6E7A00076D78 /* Sources */,
				6C9F0C951CBE6E7A00076D78 /* Frameworks */,
				6C9F0C961CBE6E7A00076D78 /* Resources */,
			);
			buildRules = (
			);
			dependencies = (
				6C9F0C9A1CBE6E7A00076D78 /* PBXTargetDependency */,
			);
			name = BLEBackgroundUITests;
			productName = BLEBackgroundUITests;
			productReference = 6C9F0C981CBE6E7A00076D78 /* BLEBackgroundUITests.xctest */;
			productType = "com.apple.product-type.bundle.ui-testing";
		};
/* End PBXNativeTarget section */

/* Begin PBXProject section */
		6C9F0C6E1CBE6E7A00076D78 /* Project object */ = {
			isa = PBXProject;
			attributes = {
				LastSwiftUpdateCheck = 0730;
				LastUpgradeCheck = 0730;
				ORGANIZATIONNAME = gibicgroup;
				TargetAttributes = {
					6C9F0C751CBE6E7A00076D78 = {
						CreatedOnToolsVersion = 7.3;
					};
					6C9F0C8C1CBE6E7A00076D78 = {
						CreatedOnToolsVersion = 7.3;
						TestTargetID = 6C9F0C751CBE6E7A00076D78;
					};
					6C9F0C971CBE6E7A00076D78 = {
						CreatedOnToolsVersion = 7.3;
						TestTargetID = 6C9F0C751CBE6E7A00076D78;
					};
				};
			};
			buildConfigurationList = 6C9F0C711CBE6E7A00076D78 /* Build configuration list for PBXProject "BLEBackground" */;
			compatibilityVersion = "Xcode 3.2";
			developmentRegion = English;
			hasScannedForEncodings = 0;
			knownRegions = (
				en,
				Base,
			);
			mainGroup = 6C9F0C6D1CBE6E7A00076D78;
			productRefGroup = 6C9F0C771CBE6E7A00076D78 /* Products */;
			projectDirPath = "";
			projectRoot = "";
			targets = (
				6C9F0C751CBE6E7A00076D78 /* BLEBackground */,
				6C9F0C8C1CBE6E7A00076D78 /* BLEBackgroundTests */,
				6C9F0C971CBE6E7A00076D78 /* BLEBackgroundUITests */,
			);
		};
/* End PBXProject section */

/* Begin PBXResourcesBuildPhase section */
		6C9F0C741CBE6E7A00076D78 /* Resources */ = {
			isa = PBXResourcesBuildPhase;
			buildActionMask = 2147483647;
			files = (
				6C9F0C871CBE6E7A00076D78 /* LaunchScreen.storyboard in Resources */,
				6C9F0C841CBE6E7A00076D78 /* Assets.xcassets in Resources */,
				6C9F0C7F1CBE6E7A00076D78 /* Main.storyboard in Resources */,
			);
			runOnlyForDeploymentPostprocessing = 0;
		};
		6C9F0C8B1CBE6E7A00076D78 /* Resources */ = {
			isa = PBXResourcesBuildPhase;
			buildActionMask = 2147483647;
			files = (
			);
			runOnlyForDeploymentPostprocessing = 0;
		};
		6C9F0C961CBE6E7A00076D78 /* Resources */ = {
			isa = PBXResourcesBuildPhase;
			buildActionMask = 2147483647;
			files = (
			);
			runOnlyForDeploymentPostprocessing = 0;
		};
/* End PBXResourcesBuildPhase section */

/* Begin PBXSourcesBuildPhase section */
		6C9F0C721CBE6E7A00076D78 /* Sources */ = {
			isa = PBXSourcesBuildPhase;
			buildActionMask = 2147483647;
			files = (
				6C9F0C7C1CBE6E7A00076D78 /* ViewController.swift in Sources */,
				6C9F0C821CBE6E7A00076D78 /* BLEBackground.xcdatamodeld in Sources */,
				6CEC2D4E1CBE77270019C977 /* BluetoothManager.swift in Sources */,
				6C9F0C7A1CBE6E7A00076D78 /* AppDelegate.swift in Sources */,
			);
			runOnlyForDeploymentPostprocessing = 0;
		};
		6C9F0C891CBE6E7A00076D78 /* Sources */ = {
			isa = PBXSourcesBuildPhase;
			buildActionMask = 2147483647;
			files = (
				6C9F0C921CBE6E7A00076D78 /* BLEBackgroundTests.swift in Sources */,
			);
			runOnlyForDeploymentPostprocessing = 0;
		};
		6C9F0C941CBE6E7A00076D78 /* Sources */ = {
			isa = PBXSourcesBuildPhase;
			buildActionMask = 2147483647;
			files = (
				6C9F0C9D1CBE6E7A00076D78 /* BLEBackgroundUITests.swift in Sources */,
			);
			runOnlyForDeploymentPostprocessing = 0;
		};
/* End PBXSourcesBuildPhase section */

/* Begin PBXTargetDependency section */
		6C9F0C8F1CBE6E7A00076D78 /* PBXTargetDependency */ = {
			isa = PBXTargetDependency;
			target = 6C9F0C751CBE6E7A00076D78 /* BLEBackground */;
			targetProxy = 6C9F0C8E1CBE6E7A00076D78 /* PBXContainerItemProxy */;
		};
		6C9F0C9A1CBE6E7A00076D78 /* PBXTargetDependency */ = {
			isa = PBXTargetDependency;
			target = 6C9F0C751CBE6E7A00076D78 /* BLEBackground */;
			targetProxy = 6C9F0C991CBE6E7A00076D78 /* PBXContainerItemProxy */;
		};
/* End PBXTargetDependency section */

/* Begin PBXVariantGroup section */
		6C9F0C7D1CBE6E7A00076D78 /* Main.storyboard */ = {
			isa = PBXVariantGroup;
			children = (
				6C9F0C7E1CBE6E7A00076D78 /* Base */,
			);
			name = Main.storyboard;
			sourceTree = "<group>";
		};
		6C9F0C851CBE6E7A00076D78 /* LaunchScreen.storyboard */ = {
			isa = PBXVariantGroup;
			children = (
				6C9F0C861CBE6E7A00076D78 /* Base */,
			);
			name = LaunchScreen.storyboard;
			sourceTree = "<group>";
		};
/* End PBXVariantGroup section */

/* Begin XCBuildConfiguration section */
		6C9F0C9F1CBE6E7A00076D78 /* Debug */ = {
			isa = XCBuildConfiguration;
			buildSettings = {
				ALWAYS_SEARCH_USER_PATHS = NO;
				CLANG_ANALYZER_NONNULL = YES;
				CLANG_CXX_LANGUAGE_STANDARD = "gnu++0x";
				CLANG_CXX_LIBRARY = "libc++";
				CLANG_ENABLE_MODULES = YES;
				CLANG_ENABLE_OBJC_ARC = YES;
				CLANG_WARN_BOOL_CONVERSION = YES;
				CLANG_WARN_CONSTANT_CONVERSION = YES;
				CLANG_WARN_DIRECT_OBJC_ISA_USAGE = YES_ERROR;
				CLANG_WARN_EMPTY_BODY = YES;
				CLANG_WARN_ENUM_CONVERSION = YES;
				CLANG_WARN_INT_CONVERSION = YES;
				CLANG_WARN_OBJC_ROOT_CLASS = YES_ERROR;
				CLANG_WARN_UNREACHABLE_CODE = YES;
				CLANG_WARN__DUPLICATE_METHOD_MATCH = YES;
				"CODE_SIGN_IDENTITY[sdk=iphoneos*]" = "iPhone Developer";
				COPY_PHASE_STRIP = NO;
				DEBUG_INFORMATION_FORMAT = dwarf;
				ENABLE_STRICT_OBJC_MSGSEND = YES;
				ENABLE_TESTABILITY = YES;
				GCC_C_LANGUAGE_STANDARD = gnu99;
				GCC_DYNAMIC_NO_PIC = NO;
				GCC_NO_COMMON_BLOCKS = YES;
				GCC_OPTIMIZATION_LEVEL = 0;
				GCC_PREPROCESSOR_DEFINITIONS = (
					"DEBUG=1",
					"$(inherited)",
				);
				GCC_WARN_64_TO_32_BIT_CONVERSION = YES;
				GCC_WARN_ABOUT_RETURN_TYPE = YES_ERROR;
				GCC_WARN_UNDECLARED_SELECTOR = YES;
				GCC_WARN_UNINITIALIZED_AUTOS = YES_AGGRESSIVE;
				GCC_WARN_UNUSED_FUNCTION = YES;
				GCC_WARN_UNUSED_VARIABLE = YES;
				IPHONEOS_DEPLOYMENT_TARGET = 9.3;
				MTL_ENABLE_DEBUG_INFO = YES;
				ONLY_ACTIVE_ARCH = YES;
				SDKROOT = iphoneos;
				SWIFT_OPTIMIZATION_LEVEL = "-Onone";
				TARGETED_DEVICE_FAMILY = "1,2";
			};
			name = Debug;
		};
		6C9F0CA01CBE6E7A00076D78 /* Release */ = {
			isa = XCBuildConfiguration;
			buildSettings = {
				ALWAYS_SEARCH_USER_PATHS = NO;
				CLANG_ANALYZER_NONNULL = YES;
				CLANG_CXX_LANGUAGE_STANDARD = "gnu++0x";
				CLANG_CXX_LIBRARY = "libc++";
				CLANG_ENABLE_MODULES = YES;
				CLANG_ENABLE_OBJC_ARC = YES;
				CLANG_WARN_BOOL_CONVERSION = YES;
				CLANG_WARN_CONSTANT_CONVERSION = YES;
				CLANG_WARN_DIRECT_OBJC_ISA_USAGE = YES_ERROR;
				CLANG_WARN_EMPTY_BODY = YES;
				CLANG_WARN_ENUM_CONVERSION = YES;
				CLANG_WARN_INT_CONVERSION = YES;
				CLANG_WARN_OBJC_ROOT_CLASS = YES_ERROR;
				CLANG_WARN_UNREACHABLE_CODE = YES;
				CLANG_WARN__DUPLICATE_METHOD_MATCH = YES;
				"CODE_SIGN_IDENTITY[sdk=iphoneos*]" = "iPhone Developer";
				COPY_PHASE_STRIP = NO;
				DEBUG_INFORMATION_FORMAT = "dwarf-with-dsym";
				ENABLE_NS_ASSERTIONS = NO;
				ENABLE_STRICT_OBJC_MSGSEND = YES;
				GCC_C_LANGUAGE_STANDARD = gnu99;
				GCC_NO_COMMON_BLOCKS = YES;
				GCC_WARN_64_TO_32_BIT_CONVERSION = YES;
				GCC_WARN_ABOUT_RETURN_TYPE = YES_ERROR;
				GCC_WARN_UNDECLARED_SELECTOR = YES;
				GCC_WARN_UNINITIALIZED_AUTOS = YES_AGGRESSIVE;
				GCC_WARN_UNUSED_FUNCTION = YES;
				GCC_WARN_UNUSED_VARIABLE = YES;
				IPHONEOS_DEPLOYMENT_TARGET = 9.3;
				MTL_ENABLE_DEBUG_INFO = NO;
				SDKROOT = iphoneos;
				TARGETED_DEVICE_FAMILY = "1,2";
				VALIDATE_PRODUCT = YES;
			};
			name = Release;
		};
		6C9F0CA21CBE6E7A00076D78 /* Debug */ = {
			isa = XCBuildConfiguration;
			buildSettings = {
				ASSETCATALOG_COMPILER_APPICON_NAME = AppIcon;
				INFOPLIST_FILE = BLEBackground/Info.plist;
				LD_RUNPATH_SEARCH_PATHS = "$(inherited) @executable_path/Frameworks";
				PRODUCT_BUNDLE_IDENTIFIER = com.gibicgroup.BLEBackground;
				PRODUCT_NAME = "$(TARGET_NAME)";
			};
			name = Debug;
		};
		6C9F0CA31CBE6E7A00076D78 /* Release */ = {
			isa = XCBuildConfiguration;
			buildSettings = {
				ASSETCATALOG_COMPILER_APPICON_NAME = AppIcon;
				INFOPLIST_FILE = BLEBackground/Info.plist;
				LD_RUNPATH_SEARCH_PATHS = "$(inherited) @executable_path/Frameworks";
				PRODUCT_BUNDLE_IDENTIFIER = com.gibicgroup.BLEBackground;
				PRODUCT_NAME = "$(TARGET_NAME)";
			};
			name = Release;
		};
		6C9F0CA51CBE6E7A00076D78 /* Debug */ = {
			isa = XCBuildConfiguration;
			buildSettings = {
				BUNDLE_LOADER = "$(TEST_HOST)";
				INFOPLIST_FILE = BLEBackgroundTests/Info.plist;
				LD_RUNPATH_SEARCH_PATHS = "$(inherited) @executable_path/Frameworks @loader_path/Frameworks";
				PRODUCT_BUNDLE_IDENTIFIER = com.gibicgroup.BLEBackgroundTests;
				PRODUCT_NAME = "$(TARGET_NAME)";
				TEST_HOST = "$(BUILT_PRODUCTS_DIR)/BLEBackground.app/BLEBackground";
			};
			name = Debug;
		};
		6C9F0CA61CBE6E7A00076D78 /* Release */ = {
			isa = XCBuildConfiguration;
			buildSettings = {
				BUNDLE_LOADER = "$(TEST_HOST)";
				INFOPLIST_FILE = BLEBackgroundTests/Info.plist;
				LD_RUNPATH_SEARCH_PATHS = "$(inherited) @executable_path/Frameworks @loader_path/Frameworks";
				PRODUCT_BUNDLE_IDENTIFIER = com.gibicgroup.BLEBackgroundTests;
				PRODUCT_NAME = "$(TARGET_NAME)";
				TEST_HOST = "$(BUILT_PRODUCTS_DIR)/BLEBackground.app/BLEBackground";
			};
			name = Release;
		};
		6C9F0CA81CBE6E7A00076D78 /* Debug */ = {
			isa = XCBuildConfiguration;
			buildSettings = {
				INFOPLIST_FILE = BLEBackgroundUITests/Info.plist;
				LD_RUNPATH_SEARCH_PATHS = "$(inherited) @executable_path/Frameworks @loader_path/Frameworks";
				PRODUCT_BUNDLE_IDENTIFIER = com.gibicgroup.BLEBackgroundUITests;
				PRODUCT_NAME = "$(TARGET_NAME)";
				TEST_TARGET_NAME = BLEBackground;
			};
			name = Debug;
		};
		6C9F0CA91CBE6E7A00076D78 /* Release */ = {
			isa = XCBuildConfiguration;
			buildSettings = {
				INFOPLIST_FILE = BLEBackgroundUITests/Info.plist;
				LD_RUNPATH_SEARCH_PATHS = "$(inherited) @executable_path/Frameworks @loader_path/Frameworks";
				PRODUCT_BUNDLE_IDENTIFIER = com.gibicgroup.BLEBackgroundUITests;
				PRODUCT_NAME = "$(TARGET_NAME)";
				TEST_TARGET_NAME = BLEBackground;
			};
			name = Release;
		};
/* End XCBuildConfiguration section */

/* Begin XCConfigurationList section */
		6C9F0C711CBE6E7A00076D78 /* Build configuration list for PBXProject "BLEBackground" */ = {
			isa = XCConfigurationList;
			buildConfigurations = (
				6C9F0C9F1CBE6E7A00076D78 /* Debug */,
				6C9F0CA01CBE6E7A00076D78 /* Release */,
			);
			defaultConfigurationIsVisible = 0;
			defaultConfigurationName = Release;
		};
		6C9F0CA11CBE6E7A00076D78 /* Build configuration list for PBXNativeTarget "BLEBackground" */ = {
			isa = XCConfigurationList;
			buildConfigurations = (
				6C9F0CA21CBE6E7A00076D78 /* Debug */,
				6C9F0CA31CBE6E7A00076D78 /* Release */,
			);
			defaultConfigurationIsVisible = 0;
			defaultConfigurationName = Release;
		};
		6C9F0CA41CBE6E7A00076D78 /* Build configuration list for PBXNativeTarget "BLEBackgroundTests" */ = {
			isa = XCConfigurationList;
			buildConfigurations = (
				6C9F0CA51CBE6E7A00076D78 /* Debug */,
				6C9F0CA61CBE6E7A00076D78 /* Release */,
			);
			defaultConfigurationIsVisible = 0;
			defaultConfigurationName = Release;
		};
		6C9F0CA71CBE6E7A00076D78 /* Build configuration list for PBXNativeTarget "BLEBackgroundUITests" */ = {
			isa = XCConfigurationList;
			buildConfigurations = (
				6C9F0CA81CBE6E7A00076D78 /* Debug */,
				6C9F0CA91CBE6E7A00076D78 /* Release */,
			);
			defaultConfigurationIsVisible = 0;
			defaultConfigurationName = Release;
		};
/* End XCConfigurationList section */

/* Begin XCVersionGroup section */
		6C9F0C801CBE6E7A00076D78 /* BLEBackground.xcdatamodeld */ = {
			isa = XCVersionGroup;
			children = (
				6C9F0C811CBE6E7A00076D78 /* BLEBackground.xcdatamodel */,
			);
			currentVersion = 6C9F0C811CBE6E7A00076D78 /* BLEBackground.xcdatamodel */;
			path = BLEBackground.xcdatamodeld;
			sourceTree = "<group>";
			versionGroupType = wrapper.xcdatamodel;
		};
/* End XCVersionGroup section */
	};
	rootObject = 6C9F0C6E1CBE6E7A00076D78 /* Project object */;
}
